github.com/golang-migrate/migrate/v4 v4.19.1 h1:OCyb44lFuQfYXYLx1SCxPZQGU7mcaZ7gH9yH4jSFbBA=
github.com/golang-migrate/migrate/v4 v4.19.1/go.mod h1:CTcgfjxhaUtsLipnLoQRWCrjYXycRz/g5+RWDuYgPrE=
github.com/mattn/go-sqlite3 v1.14.34 h1:3NtcvcUnFBPsuRcno8pUtupspG/GM+9nZ88zgJcp6Zk=
github.com/mattn/go-sqlite3 v1.14.34/go.mod h1:Uh1q+B4BYcTPb+yiD3kU8Ct7aC0hY9fxUwlHK0RXw+Y=
